
Microsoft Visual Studio Solution File, Format Version 12.00
# Visual Studio Version 17
VisualStudioVersion = 17.10.34916.146
MinimumVisualStudioVersion = 10.0.40219.1
Project("{FAE04EC0-301F-11D3-BF4B-00C04F79EFBC}") = "IntroductionToDOTNET", "IntroductionToDOTNET\IntroductionToDOTNET.csproj", "{697E1EC5-CC4B-4616-A215-6347506A59E2}"
EndProject
Project("{FAE04EC0-301F-11D3-BF4B-00C04F79EFBC}") = "DataTypes", "DataTypes\DataTypes.csproj", "{129C2310-B3D5-4F23-9710-F34BE20C876A}"
EndProject
Project("{FAE04EC0-301F-11D3-BF4B-00C04F79EFBC}") = "Geometric_shapes", "Geometric_shapes\Geometric_shapes.csproj", "{0312638D-6D9F-4620-BEC3-1506228E4127}"
EndProject
Project("{FAE04EC0-301F-11D3-BF4B-00C04F79EFBC}") = "Factorial", "Factorial\Factorial.csproj", "{AEEE3C93-DC91-4828-BE20-7A775B80B3C5}"
EndProject
Project("{FAE04EC0-301F-11D3-BF4B-00C04F79EFBC}") = "Game", "Game\Game.csproj", "{D765F025-8C67-49B7-94ED-2D0BAA834886}"
EndProject
Project("{FAE04EC0-301F-11D3-BF4B-00C04F79EFBC}") = "Calc", "Calc\Calc.csproj", "{3178E4B5-A383-418C-8DD4-5C7E8B6CD5DC}"
EndProject
Project("{FAE04EC0-301F-11D3-BF4B-00C04F79EFBC}") = "Encapsulation", "Encapsulation\Encapsulation.csproj", "{B5DBF80E-E05F-46EC-8C37-5B7241637E4A}"
EndProject
Project("{FAE04EC0-301F-11D3-BF4B-00C04F79EFBC}") = "Fraction", "Fraction\Fraction.csproj", "{149304B4-0D95-45E0-A6E4-12259F3EF985}"
EndProject
Project("{FAE04EC0-301F-11D3-BF4B-00C04F79EFBC}") = "Academy", "Academy\Academy.csproj", "{E3D21445-7FF2-4BEB-A4F9-910016386C3D}"
EndProject
Global
	GlobalSection(SolutionConfigurationPlatforms) = preSolution
		Debug|Any CPU = Debug|Any CPU
		Release|Any CPU = Release|Any CPU
	EndGlobalSection
	GlobalSection(ProjectConfigurationPlatforms) = postSolution
		{697E1EC5-CC4B-4616-A215-6347506A59E2}.Debug|Any CPU.ActiveCfg = Debug|Any CPU
		{697E1EC5-CC4B-4616-A215-6347506A59E2}.Debug|Any CPU.Build.0 = Debug|Any CPU
		{697E1EC5-CC4B-4616-A215-6347506A59E2}.Release|Any CPU.ActiveCfg = Release|Any CPU
		{697E1EC5-CC4B-4616-A215-6347506A59E2}.Release|Any CPU.Build.0 = Release|Any CPU
		{129C2310-B3D5-4F23-9710-F34BE20C876A}.Debug|Any CPU.ActiveCfg = Debug|Any CPU
		{129C2310-B3D5-4F23-9710-F34BE20C876A}.Debug|Any CPU.Build.0 = Debug|Any CPU
		{129C2310-B3D5-4F23-9710-F34BE20C876A}.Release|Any CPU.ActiveCfg = Release|Any CPU
		{129C2310-B3D5-4F23-9710-F34BE20C876A}.Release|Any CPU.Build.0 = Release|Any CPU
		{0312638D-6D9F-4620-BEC3-1506228E4127}.Debug|Any CPU.ActiveCfg = Debug|Any CPU
		{0312638D-6D9F-4620-BEC3-1506228E4127}.Debug|Any CPU.Build.0 = Debug|Any CPU
		{0312638D-6D9F-4620-BEC3-1506228E4127}.Release|Any CPU.ActiveCfg = Release|Any CPU
		{0312638D-6D9F-4620-BEC3-1506228E4127}.Release|Any CPU.Build.0 = Release|Any CPU
		{AEEE3C93-DC91-4828-BE20-7A775B80B3C5}.Debug|Any CPU.ActiveCfg = Debug|Any CPU
		{AEEE3C93-DC91-4828-BE20-7A775B80B3C5}.Debug|Any CPU.Build.0 = Debug|Any CPU
		{AEEE3C93-DC91-4828-BE20-7A775B80B3C5}.Release|Any CPU.ActiveCfg = Release|Any CPU
		{AEEE3C93-DC91-4828-BE20-7A775B80B3C5}.Release|Any CPU.Build.0 = Release|Any CPU
		{D765F025-8C67-49B7-94ED-2D0BAA834886}.Debug|Any CPU.ActiveCfg = Debug|Any CPU
		{D765F025-8C67-49B7-94ED-2D0BAA834886}.Debug|Any CPU.Build.0 = Debug|Any CPU
		{D765F025-8C67-49B7-94ED-2D0BAA834886}.Release|Any CPU.ActiveCfg = Release|Any CPU
		{D765F025-8C67-49B7-94ED-2D0BAA834886}.Release|Any CPU.Build.0 = Release|Any CPU
		{3178E4B5-A383-418C-8DD4-5C7E8B6CD5DC}.Debug|Any CPU.ActiveCfg = Debug|Any CPU
		{3178E4B5-A383-418C-8DD4-5C7E8B6CD5DC}.Debug|Any CPU.Build.0 = Debug|Any CPU
		{3178E4B5-A383-418C-8DD4-5C7E8B6CD5DC}.Release|Any CPU.ActiveCfg = Release|Any CPU
		{3178E4B5-A383-418C-8DD4-5C7E8B6CD5DC}.Release|Any CPU.Build.0 = Release|Any CPU
		{B5DBF80E-E05F-46EC-8C37-5B7241637E4A}.Debug|Any CPU.ActiveCfg = Debug|Any CPU
		{B5DBF80E-E05F-46EC-8C37-5B7241637E4A}.Debug|Any CPU.Build.0 = Debug|Any CPU
		{B5DBF80E-E05F-46EC-8C37-5B7241637E4A}.Release|Any CPU.ActiveCfg = Release|Any CPU
		{B5DBF80E-E05F-46EC-8C37-5B7241637E4A}.Release|Any CPU.Build.0 = Release|Any CPU
		{149304B4-0D95-45E0-A6E4-12259F3EF985}.Debug|Any CPU.ActiveCfg = Debug|Any CPU
		{149304B4-0D95-45E0-A6E4-12259F3EF985}.Debug|Any CPU.Build.0 = Debug|Any CPU
		{149304B4-0D95-45E0-A6E4-12259F3EF985}.Release|Any CPU.ActiveCfg = Release|Any CPU
		{149304B4-0D95-45E0-A6E4-12259F3EF985}.Release|Any CPU.Build.0 = Release|Any CPU
		{E3D21445-7FF2-4BEB-A4F9-910016386C3D}.Debug|Any CPU.ActiveCfg = Debug|Any CPU
		{E3D21445-7FF2-4BEB-A4F9-910016386C3D}.Debug|Any CPU.Build.0 = Debug|Any CPU
		{E3D21445-7FF2-4BEB-A4F9-910016386C3D}.Release|Any CPU.ActiveCfg = Release|Any CPU
		{E3D21445-7FF2-4BEB-A4F9-910016386C3D}.Release|Any CPU.Build.0 = Release|Any CPU
	EndGlobalSection
	GlobalSection(SolutionProperties) = preSolution
		HideSolutionNode = FALSE
	EndGlobalSection
	GlobalSection(ExtensibilityGlobals) = postSolution
		SolutionGuid = {43F4C4E4-D554-4603-99C1-441B8F4F9847}
	EndGlobalSection
EndGlobal
